{
  "requires": true,
  "lockfileVersion": 1,
  "dependencies": {
    "node": {
      "version": "20.20.2",
      "resolved": "https://registry.npmjs.org/node/-/node-20.20.2.tgz",
      "integrity": "sha512-giDTzFQM0UnrbqLamATGBoSjmY4VS29kNl8okF8bXOt6fOi6wg2e3wUhqxkVHdz20LO/+8fgj17ykZvaiFrAtQ==",
      "requires": {
        "node-bin-setup": "^1.0.0"
      }
    },
    "node-bin-setup": {
      "version": "1.1.4",
      "resolved": "https://registry.npmjs.org/node-bin-setup/-/node-bin-setup-1.1.4.tgz",
      "integrity": "sha512-vWNHOne0ZUavArqPP5LJta50+S8R261Fr5SvGul37HbEDcowvLjwdvd0ZeSr0r2lTSrPxl6okq9QUw8BFGiAxA=="
    }
  }
}
